// !$*UTF8*$!
{
	archiveVersion = 1;
	classes = {
	};
	objectVersion = 46;
	objects = {

/* Begin PBXBuildFile section */
		888C57221A0FA069005601E5 /* main.m in Sources */ = {isa = PBXBuildFile; fileRef = 888C57211A0FA069005601E5 /* main.m */; };
		888C57251A0FA069005601E5 /* AppDelegate.m in Sources */ = {isa = PBXBuildFile; fileRef = 888C57241A0FA069005601E5 /* AppDelegate.m */; };
		888C57281A0FA069005601E5 /* ViewController.m in Sources */ = {isa = PBXBuildFile; fileRef = 888C57271A0FA069005601E5 /* ViewController.m */; };
		888C572B1A0FA069005601E5 /* Main.storyboard in Resources */ = {isa = PBXBuildFile; fileRef = 888C57291A0FA069005601E5 /* Main.storyboard */; };
		888C572D1A0FA069005601E5 /* Images.xcassets in Resources */ = {isa = PBXBuildFile; fileRef = 888C572C1A0FA069005601E5 /* Images.xcassets */; };
		888C57301A0FA069005601E5 /* LaunchScreen.xib in Resources */ = {isa = PBXBuildFile; fileRef = 888C572E1A0FA069005601E5 /* LaunchScreen.xib */; };
		888C573C1A0FA069005601E5 /* Psd2Xcode_WrongOrRightTests.m in Sources */ = {isa = PBXBuildFile; fileRef = 888C573B1A0FA069005601E5 /* Psd2Xcode_WrongOrRightTests.m */; };
		88A343741A1020230046DC7E /* NameViewController.m in Sources */ = {isa = PBXBuildFile; fileRef = 88A343731A1020230046DC7E /* NameViewController.m */; };
		88A343781A1022B00046DC7E /* LevelViewController.m in Sources */ = {isa = PBXBuildFile; fileRef = 88A343771A1022B00046DC7E /* LevelViewController.m */; };
		88A3437B1A1024A90046DC7E /* GameViewController.m in Sources */ = {isa = PBXBuildFile; fileRef = 88A3437A1A1024A90046DC7E /* GameViewController.m */; };
		88A3437E1A1025450046DC7E /* Questions.plist in Resources */ = {isa = PBXBuildFile; fileRef = 88A3437D1A1025450046DC7E /* Questions.plist */; };
		88A343821A1026270046DC7E /* Question.m in Sources */ = {isa = PBXBuildFile; fileRef = 88A343811A1026270046DC7E /* Question.m */; };
/* End PBXBuildFile section */

/* Begin PBXContainerItemProxy section */
		888C57361A0FA069005601E5 /* PBXContainerItemProxy */ = {
			isa = PBXContainerItemProxy;
			containerPortal = 888C57141A0FA069005601E5 /* Project object */;
			proxyType = 1;
			remoteGlobalIDString = 888C571B1A0FA069005601E5;
			remoteInfo = "Psd2Xcode-WrongOrRight";
		};
/* End PBXContainerItemProxy section */

/* Begin PBXFileReference section */
		888C571C1A0FA069005601E5 /* Psd2Xcode-WrongOrRight.app */ = {isa = PBXFileReference; explicitFileType = wrapper.application; includeInIndex = 0; path = "Psd2Xcode-WrongOrRight.app"; sourceTree = BUILT_PRODUCTS_DIR; };
		888C57201A0FA069005601E5 /* Info.plist */ = {isa = PBXFileReference; lastKnownFileType = text.plist.xml; path = Info.plist; sourceTree = "<group>"; };
		888C57211A0FA069005601E5 /* main.m */ = {isa = PBXFileReference; lastKnownFileType = sourcecode.c.objc; path = main.m; sourceTree = "<group>"; };
		888C57231A0FA069005601E5 /* AppDelegate.h */ = {isa = PBXFileReference; lastKnownFileType = sourcecode.c.h; path = AppDelegate.h; sourceTree = "<group>"; };
		888C57241A0FA069005601E5 /* AppDelegate.m */ = {isa = PBXFileReference; lastKnownFileType = sourcecode.c.objc; path = AppDelegate.m; sourceTree = "<group>"; };
		888C57261A0FA069005601E5 /* ViewController.h */ = {isa = PBXFileReference; lastKnownFileType = sourcecode.c.h; path = ViewController.h; sourceTree = "<group>"; };
		888C57271A0FA069005601E5 /* ViewController.m */ = {isa = PBXFileReference; lastKnownFileType = sourcecode.c.objc; path = ViewController.m; sourceTree = "<group>"; };
		888C572A1A0FA069005601E5 /* Base */ = {isa = PBXFileReference; lastKnownFileType = file.storyboard; name = Base; path = Base.lproj/Main.storyboard; sourceTree = "<group>"; };
		888C572C1A0FA069005601E5 /* Images.xcassets */ = {isa = PBXFileReference; lastKnownFileType = folder.assetcatalog; path = Images.xcassets; sourceTree = "<group>"; };
		888C572F1A0FA069005601E5 /* Base */ = {isa = PBXFileReference; lastKnownFileType = file.xib; name = Base; path = Base.lproj/LaunchScreen.xib; sourceTree = "<group>"; };
		888C57351A0FA069005601E5 /* Psd2Xcode-WrongOrRightTests.xctest */ = {isa = PBXFileReference; explicitFileType = wrapper.cfbundle; includeInIndex = 0; path = "Psd2Xcode-WrongOrRightTests.xctest"; sourceTree = BUILT_PRODUCTS_DIR; };
		888C573A1A0FA069005601E5 /* Info.plist */ = {isa = PBXFileReference; lastKnownFileType = text.plist.xml; path = Info.plist; sourceTree = "<group>"; };
		888C573B1A0FA069005601E5 /* Psd2Xcode_WrongOrRightTests.m */ = {isa = PBXFileReference; lastKnownFileType = sourcecode.c.objc; path = Psd2Xcode_WrongOrRightTests.m; sourceTree = "<group>"; };
		88A343721A1020230046DC7E /* NameViewController.h */ = {isa = PBXFileReference; fileEncoding = 4; lastKnownFileType = sourcecode.c.h; path = NameViewController.h; sourceTree = "<group>"; };
		88A343731A1020230046DC7E /* NameViewController.m */ = {isa = PBXFileReference; fileEncoding = 4; lastKnownFileType = sourcecode.c.objc; path = NameViewController.m; sourceTree = "<group>"; };
		88A343761A1022B00046DC7E /* LevelViewController.h */ = {isa = PBXFileReference; fileEncoding = 4; lastKnownFileType = sourcecode.c.h; path = LevelViewController.h; sourceTree = "<group>"; };
		88A343771A1022B00046DC7E /* LevelViewController.m */ = {isa = PBXFileReference; fileEncoding = 4; lastKnownFileType = sourcecode.c.objc; path = LevelViewController.m; sourceTree = "<group>"; };
		88A343791A1024A90046DC7E /* GameViewController.h */ = {isa = PBXFileReference; fileEncoding = 4; lastKnownFileType = sourcecode.c.h; path = GameViewController.h; sourceTree = "<group>"; };
		88A3437A1A1024A90046DC7E /* GameViewController.m */ = {isa = PBXFileReference; fileEncoding = 4; lastKnownFileType = sourcecode.c.objc; path = GameViewController.m; sourceTree = "<group>"; };
		88A3437D1A1025450046DC7E /* Questions.plist */ = {isa = PBXFileReference; fileEncoding = 4; lastKnownFileType = text.plist.xml; path = Questions.plist; sourceTree = "<group>"; };
		88A343801A1026270046DC7E /* Question.h */ = {isa = PBXFileReference; fileEncoding = 4; lastKnownFileType = sourcecode.c.h; path = Question.h; sourceTree = "<group>"; };
		88A343811A1026270046DC7E /* Question.m */ = {isa = PBXFileReference; fileEncoding = 4; lastKnownFileType = sourcecode.c.objc; path = Question.m; sourceTree = "<group>"; };
/* End PBXFileReference section */

/* Begin PBXFrameworksBuildPhase section */
		888C57191A0FA069005601E5 /* Frameworks */ = {
			isa = PBXFrameworksBuildPhase;
			buildActionMask = 2147483647;
			files = (
			);
			runOnlyForDeploymentPostprocessing = 0;
		};
		888C57321A0FA069005601E5 /* Frameworks */ = {
			isa = PBXFrameworksBuildPhase;
			buildActionMask = 2147483647;
			files = (
			);
			runOnlyForDeploymentPostprocessing = 0;
		};
/* End PBXFrameworksBuildPhase section */

/* Begin PBXGroup section */
		888C57131A0FA069005601E5 = {
			isa = PBXGroup;
			children = (
				888C571E1A0FA069005601E5 /* Psd2Xcode-WrongOrRight */,
				888C57381A0FA069005601E5 /* Psd2Xcode-WrongOrRightTests */,
				888C571D1A0FA069005601E5 /* Products */,
			);
			sourceTree = "<group>";
		};
		888C571D1A0FA069005601E5 /* Products */ = {
			isa = PBXGroup;
			children = (
				888C571C1A0FA069005601E5 /* Psd2Xcode-WrongOrRight.app */,
				888C57351A0FA069005601E5 /* Psd2Xcode-WrongOrRightTests.xctest */,
			);
			name = Products;
			sourceTree = "<group>";
		};
		888C571E1A0FA069005601E5 /* Psd2Xcode-WrongOrRight */ = {
			isa = PBXGroup;
			children = (
				888C57231A0FA069005601E5 /* AppDelegate.h */,
				888C57241A0FA069005601E5 /* AppDelegate.m */,
				888C57261A0FA069005601E5 /* ViewController.h */,
				888C57271A0FA069005601E5 /* ViewController.m */,
				88A3437F1A1026120046DC7E /* Model */,
				88A3437C1A1025310046DC7E /* Data */,
				88A343751A1020290046DC7E /* ViewController */,
				888C57291A0FA069005601E5 /* Main.storyboard */,
				888C572C1A0FA069005601E5 /* Images.xcassets */,
				888C572E1A0FA069005601E5 /* LaunchScreen.xib */,
				888C571F1A0FA069005601E5 /* Supporting Files */,
			);
			path = "Psd2Xcode-WrongOrRight";
			sourceTree = "<group>";
		};
		888C571F1A0FA069005601E5 /* Supporting Files */ = {
			isa = PBXGroup;
			children = (
				888C57201A0FA069005601E5 /* Info.plist */,
				888C57211A0FA069005601E5 /* main.m */,
			);
			name = "Supporting Files";
			sourceTree = "<group>";
		};
		888C57381A0FA069005601E5 /* Psd2Xcode-WrongOrRightTests */ = {
			isa = PBXGroup;
			children = (
				888C573B1A0FA069005601E5 /* Psd2Xcode_WrongOrRightTests.m */,
				888C57391A0FA069005601E5 /* Supporting Files */,
			);
			path = "Psd2Xcode-WrongOrRightTests";
			sourceTree = "<group>";
		};
		888C57391A0FA069005601E5 /* Supporting Files */ = {
			isa = PBXGroup;
			children = (
				888C573A1A0FA069005601E5 /* Info.plist */,
			);
			name = "Supporting Files";
			sourceTree = "<group>";
		};
		88A343751A1020290046DC7E /* ViewController */ = {
			isa = PBXGroup;
			children = (
				88A343721A1020230046DC7E /* NameViewController.h */,
				88A343731A1020230046DC7E /* NameViewController.m */,
				88A343761A1022B00046DC7E /* LevelViewController.h */,
				88A343771A1022B00046DC7E /* LevelViewController.m */,
				88A343791A1024A90046DC7E /* GameViewController.h */,
				88A3437A1A1024A90046DC7E /* GameViewController.m */,
			);
			name = ViewController;
			sourceTree = "<group>";
		};
		88A3437C1A1025310046DC7E /* Data */ = {
			isa = PBXGroup;
			children = (
				88A3437D1A1025450046DC7E /* Questions.plist */,
			);
			name = Data;
			sourceTree = "<group>";
		};
		88A3437F1A1026120046DC7E /* Model */ = {
			isa = PBXGroup;
			children = (
				88A343801A1026270046DC7E /* Question.h */,
				88A343811A1026270046DC7E /* Question.m */,
			);
			name = Model;
			sourceTree = "<group>";
		};
/* End PBXGroup section */

/* Begin PBXNativeTarget section */
		888C571B1A0FA069005601E5 /* Psd2Xcode-WrongOrRight */ = {
			isa = PBXNativeTarget;
			buildConfigurationList = 888C573F1A0FA069005601E5 /* Build configuration list for PBXNativeTarget "Psd2Xcode-WrongOrRight" */;
			buildPhases = (
				888C57181A0FA069005601E5 /* Sources */,
				888C57191A0FA069005601E5 /* Frameworks */,
				888C571A1A0FA069005601E5 /* Resources */,
			);
			buildRules = (
			);
			dependencies = (
			);
			name = "Psd2Xcode-WrongOrRight";
			productName = "Psd2Xcode-WrongOrRight";
			productReference = 888C571C1A0FA069005601E5 /* Psd2Xcode-WrongOrRight.app */;
			productType = "com.apple.product-type.application";
		};
		888C57341A0FA069005601E5 /* Psd2Xcode-WrongOrRightTests */ = {
			isa = PBXNativeTarget;
			buildConfigurationList = 888C57421A0FA069005601E5 /* Build configuration list for PBXNativeTarget "Psd2Xcode-WrongOrRightTests" */;
			buildPhases = (
				888C57311A0FA069005601E5 /* Sources */,
				888C57321A0FA069005601E5 /* Frameworks */,
				888C57331A0FA069005601E5 /* Resources */,
			);
			buildRules = (
			);
			dependencies = (
				888C57371A0FA069005601E5 /* PBXTargetDependency */,
			);
			name = "Psd2Xcode-WrongOrRightTests";
			productName = "Psd2Xcode-WrongOrRightTests";
			productReference = 888C57351A0FA069005601E5 /* Psd2Xcode-WrongOrRightTests.xctest */;
			productType = "com.apple.product-type.bundle.unit-test";
		};
/* End PBXNativeTarget section */

/* Begin PBXProject section */
		888C57141A0FA069005601E5 /* Project object */ = {
			isa = PBXProject;
			attributes = {
				LastUpgradeCheck = 0610;
				ORGANIZATIONNAME = "j-apps";
				TargetAttributes = {
					888C571B1A0FA069005601E5 = {
						CreatedOnToolsVersion = 6.1;
					};
					888C57341A0FA069005601E5 = {
						CreatedOnToolsVersion = 6.1;
						TestTargetID = 888C571B1A0FA069005601E5;
					};
				};
			};
			buildConfigurationList = 888C57171A0FA069005601E5 /* Build configuration list for PBXProject "Psd2Xcode-WrongOrRight" */;
			compatibilityVersion = "Xcode 3.2";
			developmentRegion = English;
			hasScannedForEncodings = 0;
			knownRegions = (
				en,
				Base,
			);
			mainGroup = 888C57131A0FA069005601E5;
			productRefGroup = 888C571D1A0FA069005601E5 /* Products */;
			projectDirPath = "";
			projectRoot = "";
			targets = (
				888C571B1A0FA069005601E5 /* Psd2Xcode-WrongOrRight */,
				888C57341A0FA069005601E5 /* Psd2Xcode-WrongOrRightTests */,
			);
		};
/* End PBXProject section */

/* Begin PBXResourcesBuildPhase section */
		888C571A1A0FA069005601E5 /* Resources */ = {
			isa = PBXResourcesBuildPhase;
			buildActionMask = 2147483647;
			files = (
				88A3437E1A1025450046DC7E /* Questions.plist in Resources */,
				888C572B1A0FA069005601E5 /* Main.storyboard in Resources */,
				888C57301A0FA069005601E5 /* LaunchScreen.xib in Resources */,
				888C572D1A0FA069005601E5 /* Images.xcassets in Resources */,
			);
			runOnlyForDeploymentPostprocessing = 0;
		};
		888C57331A0FA069005601E5 /* Resources */ = {
			isa = PBXResourcesBuildPhase;
			buildActionMask = 2147483647;
			files = (
			);
			runOnlyForDeploymentPostprocessing = 0;
		};
/* End PBXResourcesBuildPhase section */

/* Begin PBXSourcesBuildPhase section */
		888C57181A0FA069005601E5 /* Sources */ = {
			isa = PBXSourcesBuildPhase;
			buildActionMask = 2147483647;
			files = (
				888C57281A0FA069005601E5 /* ViewController.m in Sources */,
				88A343781A1022B00046DC7E /* LevelViewController.m in Sources */,
				888C57251A0FA069005601E5 /* AppDelegate.m in Sources */,
				888C57221A0FA069005601E5 /* main.m in Sources */,
				88A343821A1026270046DC7E /* Question.m in Sources */,
				88A3437B1A1024A90046DC7E /* GameViewController.m in Sources */,
				88A343741A1020230046DC7E /* NameViewController.m in Sources */,
			);
			runOnlyForDeploymentPostprocessing = 0;
		};
		888C57311A0FA069005601E5 /* Sources */ = {
			isa = PBXSourcesBuildPhase;
			buildActionMask = 2147483647;
			files = (
				888C573C1A0FA069005601E5 /* Psd2Xcode_WrongOrRightTests.m in Sources */,
			);
			runOnlyForDeploymentPostprocessing = 0;
		};
/* End PBXSourcesBuildPhase section */

/* Begin PBXTargetDependency section */
		888C57371A0FA069005601E5 /* PBXTargetDependency */ = {
			isa = PBXTargetDependency;
			target = 888C571B1A0FA069005601E5 /* Psd2Xcode-WrongOrRight */;
			targetProxy = 888C57361A0FA069005601E5 /* PBXContainerItemProxy */;
		};
/* End PBXTargetDependency section */

/* Begin PBXVariantGroup section */
		888C57291A0FA069005601E5 /* Main.storyboard */ = {
			isa = PBXVariantGroup;
			children = (
				888C572A1A0FA069005601E5 /* Base */,
			);
			name = Main.storyboard;
			sourceTree = "<group>";
		};
		888C572E1A0FA069005601E5 /* LaunchScreen.xib */ = {
			isa = PBXVariantGroup;
			children = (
				888C572F1A0FA069005601E5 /* Base */,
			);
			name = LaunchScreen.xib;
			sourceTree = "<group>";
		};
/* End PBXVariantGroup section */

/* Begin XCBuildConfiguration section */
		888C573D1A0FA069005601E5 /* Debug */ = {
			isa = XCBuildConfiguration;
			buildSettings = {
				ALWAYS_SEARCH_USER_PATHS = NO;
				CLANG_CXX_LANGUAGE_STANDARD = "gnu++0x";
				CLANG_CXX_LIBRARY = "libc++";
				CLANG_ENABLE_MODULES = YES;
				CLANG_ENABLE_OBJC_ARC = YES;
				CLANG_WARN_BOOL_CONVERSION = YES;
				CLANG_WARN_CONSTANT_CONVERSION = YES;
				CLANG_WARN_DIRECT_OBJC_ISA_USAGE = YES_ERROR;
				CLANG_WARN_EMPTY_BODY = YES;
				CLANG_WARN_ENUM_CONVERSION = YES;
				CLANG_WARN_INT_CONVERSION = YES;
				CLANG_WARN_OBJC_ROOT_CLASS = YES_ERROR;
				CLANG_WARN_UNREACHABLE_CODE = YES;
				CLANG_WARN__DUPLICATE_METHOD_MATCH = YES;
				"CODE_SIGN_IDENTITY[sdk=iphoneos*]" = "iPhone Developer";
				COPY_PHASE_STRIP = NO;
				ENABLE_STRICT_OBJC_MSGSEND = YES;
				GCC_C_LANGUAGE_STANDARD = gnu99;
				GCC_DYNAMIC_NO_PIC = NO;
				GCC_OPTIMIZATION_LEVEL = 0;
				GCC_PREPROCESSOR_DEFINITIONS = (
					"DEBUG=1",
					"$(inherited)",
				);
				GCC_SYMBOLS_PRIVATE_EXTERN = NO;
				GCC_WARN_64_TO_32_BIT_CONVERSION = YES;
				GCC_WARN_ABOUT_RETURN_TYPE = YES_ERROR;
				GCC_WARN_UNDECLARED_SELECTOR = YES;
				GCC_WARN_UNINITIALIZED_AUTOS = YES_AGGRESSIVE;
				GCC_WARN_UNUSED_FUNCTION = YES;
				GCC_WARN_UNUSED_VARIABLE = YES;
				IPHONEOS_DEPLOYMENT_TARGET = 8.1;
				MTL_ENABLE_DEBUG_INFO = YES;
				ONLY_ACTIVE_ARCH = YES;
				SDKROOT = iphoneos;
			};
			name = Debug;
		};
		888C573E1A0FA069005601E5 /* Release */ = {
			isa = XCBuildConfiguration;
			buildSettings = {
				ALWAYS_SEARCH_USER_PATHS = NO;
				CLANG_CXX_LANGUAGE_STANDARD = "gnu++0x";
				CLANG_CXX_LIBRARY = "libc++";
				CLANG_ENABLE_MODULES = YES;
				CLANG_ENABLE_OBJC_ARC = YES;
				CLANG_WARN_BOOL_CONVERSION = YES;
				CLANG_WARN_CONSTANT_CONVERSION = YES;
				CLANG_WARN_DIRECT_OBJC_ISA_USAGE = YES_ERROR;
				CLANG_WARN_EMPTY_BODY = YES;
				CLANG_WARN_ENUM_CONVERSION = YES;
				CLANG_WARN_INT_CONVERSION = YES;
				CLANG_WARN_OBJC_ROOT_CLASS = YES_ERROR;
				CLANG_WARN_UNREACHABLE_CODE = YES;
				CLANG_WARN__DUPLICATE_METHOD_MATCH = YES;
				"CODE_SIGN_IDENTITY[sdk=iphoneos*]" = "iPhone Developer";
				COPY_PHASE_STRIP = YES;
				ENABLE_NS_ASSERTIONS = NO;
				ENABLE_STRICT_OBJC_MSGSEND = YES;
				GCC_C_LANGUAGE_STANDARD = gnu99;
				GCC_WARN_64_TO_32_BIT_CONVERSION = YES;
				GCC_WARN_ABOUT_RETURN_TYPE = YES_ERROR;
				GCC_WARN_UNDECLARED_SELECTOR = YES;
				GCC_WARN_UNINITIALIZED_AUTOS = YES_AGGRESSIVE;
				GCC_WARN_UNUSED_FUNCTION = YES;
				GCC_WARN_UNUSED_VARIABLE = YES;
				IPHONEOS_DEPLOYMENT_TARGET = 8.1;
				MTL_ENABLE_DEBUG_INFO = NO;
				SDKROOT = iphoneos;
				VALIDATE_PRODUCT = YES;
			};
			name = Release;
		};
		888C57401A0FA069005601E5 /* Debug */ = {
			isa = XCBuildConfiguration;
			buildSettings = {
				ASSETCATALOG_COMPILER_APPICON_NAME = AppIcon;
				INFOPLIST_FILE = "Psd2Xcode-WrongOrRight/Info.plist";
				LD_RUNPATH_SEARCH_PATHS = "$(inherited) @executable_path/Frameworks";
				PRODUCT_NAME = "$(TARGET_NAME)";
			};
			name = Debug;
		};
		888C57411A0FA069005601E5 /* Release */ = {
			isa = XCBuildConfiguration;
			buildSettings = {
				ASSETCATALOG_COMPILER_APPICON_NAME = AppIcon;
				INFOPLIST_FILE = "Psd2Xcode-WrongOrRight/Info.plist";
				LD_RUNPATH_SEARCH_PATHS = "$(inherited) @executable_path/Frameworks";
				PRODUCT_NAME = "$(TARGET_NAME)";
			};
			name = Release;
		};
		888C57431A0FA069005601E5 /* Debug */ = {
			isa = XCBuildConfiguration;
			buildSettings = {
				BUNDLE_LOADER = "$(TEST_HOST)";
				FRAMEWORK_SEARCH_PATHS = (
					"$(SDKROOT)/Developer/Library/Frameworks",
					"$(inherited)",
				);
				GCC_PREPROCESSOR_DEFINITIONS = (
					"DEBUG=1",
					"$(inherited)",
				);
				INFOPLIST_FILE = "Psd2Xcode-WrongOrRightTests/Info.plist";
				LD_RUNPATH_SEARCH_PATHS = "$(inherited) @executable_path/Frameworks @loader_path/Frameworks";
				PRODUCT_NAME = "$(TARGET_NAME)";
				TEST_HOST = "$(BUILT_PRODUCTS_DIR)/Psd2Xcode-WrongOrRight.app/Psd2Xcode-WrongOrRight";
			};
			name = Debug;
		};
		888C57441A0FA069005601E5 /* Release */ = {
			isa = XCBuildConfiguration;
			buildSettings = {
				BUNDLE_LOADER = "$(TEST_HOST)";
				FRAMEWORK_SEARCH_PATHS = (
					"$(SDKROOT)/Developer/Library/Frameworks",
					"$(inherited)",
				);
				INFOPLIST_FILE = "Psd2Xcode-WrongOrRightTests/Info.plist";
				LD_RUNPATH_SEARCH_PATHS = "$(inherited) @executable_path/Frameworks @loader_path/Frameworks";
				PRODUCT_NAME = "$(TARGET_NAME)";
				TEST_HOST = "$(BUILT_PRODUCTS_DIR)/Psd2Xcode-WrongOrRight.app/Psd2Xcode-WrongOrRight";
			};
			name = Release;
		};
/* End XCBuildConfiguration section */

/* Begin XCConfigurationList section */
		888C57171A0FA069005601E5 /* Build configuration list for PBXProject "Psd2Xcode-WrongOrRight" */ = {
			isa = XCConfigurationList;
			buildConfigurations = (
				888C573D1A0FA069005601E5 /* Debug */,
				888C573E1A0FA069005601E5 /* Release */,
			);
			defaultConfigurationIsVisible = 0;
			defaultConfigurationName = Release;
		};
		888C573F1A0FA069005601E5 /* Build configuration list for PBXNativeTarget "Psd2Xcode-WrongOrRight" */ = {
			isa = XCConfigurationList;
			buildConfigurations = (
				888C57401A0FA069005601E5 /* Debug */,
				888C57411A0FA069005601E5 /* Release */,
			);
			defaultConfigurationIsVisible = 0;
			defaultConfigurationName = Release;
		};
		888C57421A0FA069005601E5 /* Build configuration list for PBXNativeTarget "Psd2Xcode-WrongOrRightTests" */ = {
			isa = XCConfigurationList;
			buildConfigurations = (
				888C57431A0FA069005601E5 /* Debug */,
				888C57441A0FA069005601E5 /* Release */,
			);
			defaultConfigurationIsVisible = 0;
			defaultConfigurationName = Release;
		};
/* End XCConfigurationList section */
	};
	rootObject = 888C57141A0FA069005601E5 /* Project object */;
}
